
Microsoft Visual Studio Solution File, Format Version 12.00
# Visual Studio Version 16
VisualStudioVersion = 16.0.32510.428
MinimumVisualStudioVersion = 10.0.40219.1
Project("{FAE04EC0-301F-11D3-BF4B-00C04F79EFBC}") = "Ej3_kmyMillas", "Ej3_kmyMillas.csproj", "{3EF1D0EE-A9CF-4A42-8AEB-0531CD86A835}"
EndProject
Project("{FAE04EC0-301F-11D3-BF4B-00C04F79EFBC}") = "Millas", "..\Millas\Millas.csproj", "{73D2BC7E-EF12-429A-8135-23F6CFBF3C50}"
EndProject
Project("{FAE04EC0-301F-11D3-BF4B-00C04F79EFBC}") = "Kilometros", "..\Kilometros\Kilometros.csproj", "{BDBE9055-4914-49C1-8598-8BF6D19B6622}"
EndProject
Global
	GlobalSection(SolutionConfigurationPlatforms) = preSolution
		Debug|Any CPU = Debug|Any CPU
		Release|Any CPU = Release|Any CPU
	EndGlobalSection
	GlobalSection(ProjectConfigurationPlatforms) = postSolution
		{3EF1D0EE-A9CF-4A42-8AEB-0531CD86A835}.Debug|Any CPU.ActiveCfg = Debug|Any CPU
		{3EF1D0EE-A9CF-4A42-8AEB-0531CD86A835}.Debug|Any CPU.Build.0 = Debug|Any CPU
		{3EF1D0EE-A9CF-4A42-8AEB-0531CD86A835}.Release|Any CPU.ActiveCfg = Release|Any CPU
		{3EF1D0EE-A9CF-4A42-8AEB-0531CD86A835}.Release|Any CPU.Build.0 = Release|Any CPU
		{73D2BC7E-EF12-429A-8135-23F6CFBF3C50}.Debug|Any CPU.ActiveCfg = Debug|Any CPU
		{73D2BC7E-EF12-429A-8135-23F6CFBF3C50}.Debug|Any CPU.Build.0 = Debug|Any CPU
		{73D2BC7E-EF12-429A-8135-23F6CFBF3C50}.Release|Any CPU.ActiveCfg = Release|Any CPU
		{73D2BC7E-EF12-429A-8135-23F6CFBF3C50}.Release|Any CPU.Build.0 = Release|Any CPU
		{BDBE9055-4914-49C1-8598-8BF6D19B6622}.Debug|Any CPU.ActiveCfg = Debug|Any CPU
		{BDBE9055-4914-49C1-8598-8BF6D19B6622}.Debug|Any CPU.Build.0 = Debug|Any CPU
		{BDBE9055-4914-49C1-8598-8BF6D19B6622}.Release|Any CPU.ActiveCfg = Release|Any CPU
		{BDBE9055-4914-49C1-8598-8BF6D19B6622}.Release|Any CPU.Build.0 = Release|Any CPU
	EndGlobalSection
	GlobalSection(SolutionProperties) = preSolution
		HideSolutionNode = FALSE
	EndGlobalSection
	GlobalSection(ExtensibilityGlobals) = postSolution
		SolutionGuid = {7CB2B498-6461-4BF0-8E29-3AD58B3A9330}
	EndGlobalSection
EndGlobal
